<?xml version="1.0" encoding="utf-8"?>
<Project ToolsVersion="4.0" xmlns="http://schemas.microsoft.com/developer/msbuild/2003">
  <ItemGroup>
    <Filter Include="Source Files">
      <UniqueIdentifier>{4FC737F1-C7A5-4376-A066-2A32D752A2FF}</UniqueIdentifier>
      <Extensions>cpp;c;cc;cxx;c++;def;odl;idl;hpj;bat;asm;asmx</Extensions>
    </Filter>
    <Filter Include="Header Files">
      <UniqueIdentifier>{93995380-89BD-4b04-88EB-625FBE52EBFB}</UniqueIdentifier>
      <Extensions>h;hh;hpp;hxx;h++;hm;inl;inc;ipp;xsd</Extensions>
    </Filter>
    <Filter Include="Source Files\Python files">
      <UniqueIdentifier>{3d8270e2-c9d1-4c2f-a2be-8812069fb00a}</UniqueIdentifier>
    </Filter>
    <Filter Include="Source Files\C++ files">
      <UniqueIdentifier>{2b94c8fd-dead-4de9-8ec6-887a73d2c175}</UniqueIdentifier>
    </Filter>
    <Filter Include="Source Files\C++ files\Devtools">
      <UniqueIdentifier>{41c10c94-81a5-4917-a9da-52dff7661620}</UniqueIdentifier>
    </Filter>
    <Filter Include="Source Files\C++ files\Testing...">
      <UniqueIdentifier>{8428eee7-3130-48eb-9035-ca4e588fff6d}</UniqueIdentifier>
    </Filter>
    <Filter Include="Header Files\Platform Specific">
      <UniqueIdentifier>{407702c6-525a-49c8-93e2-efd97aee829c}</UniqueIdentifier>
    </Filter>
    <Filter Include="Header Files\External">
      <UniqueIdentifier>{0f9aa260-658a-4ed0-8e3d-d828cc591fac}</UniqueIdentifier>
    </Filter>
    <Filter Include="Git">
      <UniqueIdentifier>{b3ec0fdf-a1f3-4b8e-b2c5-edc3549cd19f}</UniqueIdentifier>
    </Filter>
    <Filter Include="Crap">
      <UniqueIdentifier>{34d6fb8e-0616-4b68-96ce-a9338bbad0ce}</UniqueIdentifier>
    </Filter>
  </ItemGroup>
  <ItemGroup>
    <ClInclude Include="src\header\linuxPlatform.h">
      <Filter>Header Files\Platform Specific</Filter>
    </ClInclude>
    <ClInclude Include="src\header\platformPicker.h">
      <Filter>Header Files\Platform Specific</Filter>
    </ClInclude>
    <ClInclude Include="src\header\win32Platform.h">
      <Filter>Header Files\Platform Specific</Filter>
    </ClInclude>
    <ClInclude Include="src\header\external\json.hpp">
      <Filter>Header Files\External</Filter>
    </ClInclude>
    <ClInclude Include="src\header\constantVars.h">
      <Filter>Header Files</Filter>
    </ClInclude>
    <ClInclude Include="src\header\cppExtension.h">
      <Filter>Header Files</Filter>
    </ClInclude>
    <ClInclude Include="src\header\gameClasses.h">
      <Filter>Header Files</Filter>
    </ClInclude>
    <ClInclude Include="src\header\gameFunctions.h">
      <Filter>Header Files</Filter>
    </ClInclude>
    <ClInclude Include="src\header\gameLanguage.h">
      <Filter>Header Files</Filter>
    </ClInclude>
    <ClInclude Include="src\header\keyDefinitions.h">
      <Filter>Header Files</Filter>
    </ClInclude>
    <ClInclude Include="src\header\pandaIncludes.h">
      <Filter>Header Files</Filter>
    </ClInclude>
    <ClInclude Include="src\header\gameVars.h">
      <Filter>Header Files</Filter>
    </ClInclude>
  </ItemGroup>
  <ItemGroup>
    <None Include="cpp.hint" />
    <None Include="data\scripts\createOptionsFile.py">
      <Filter>Source Files\Python files</Filter>
    </None>
    <None Include="data\scripts\makeDirectories.py">
      <Filter>Source Files\Python files</Filter>
    </None>
    <None Include="data\scripts\readOptions.py">
      <Filter>Source Files\Python files</Filter>
    </None>
    <None Include="..\.gitattributes">
      <Filter>Git</Filter>
    </None>
    <None Include="..\.gitignore">
      <Filter>Git</Filter>
    </None>
  </ItemGroup>
  <ItemGroup>
    <ClCompile Include="src\main.cpp">
      <Filter>Source Files\C++ files</Filter>
    </ClCompile>
    <ClCompile Include="models\Model converter source\Model converter.cpp">
      <Filter>Source Files\C++ files\Devtools</Filter>
    </ClCompile>
    <ClCompile Include="src\Chunk viewer.cpp">
      <Filter>Source Files\C++ files\Devtools</Filter>
    </ClCompile>
    <ClCompile Include="src\testing\Clicking on 3d objects.cpp">
      <Filter>Source Files\C++ files\Testing...</Filter>
    </ClCompile>
    <ClCompile Include="src\testing\Collision example.cpp">
      <Filter>Source Files\C++ files\Testing...</Filter>
    </ClCompile>
    <ClCompile Include="src\testing\Collision.cpp">
      <Filter>Source Files\C++ files\Testing...</Filter>
    </ClCompile>
    <ClCompile Include="src\testing\Physicsexample.cpp">
      <Filter>Source Files\C++ files\Testing...</Filter>
    </ClCompile>
    <ClCompile Include="src\testing\Some example.cpp">
      <Filter>Source Files\C++ files\Testing...</Filter>
    </ClCompile>
    <ClCompile Include="src\testing\test.cpp">
      <Filter>Source Files\C++ files\Testing...</Filter>
    </ClCompile>
    <ClCompile Include="src\testing\Testing area.cpp">
      <Filter>Source Files\C++ files\Testing...</Filter>
    </ClCompile>
    <ClCompile Include="src\crap\main.cpp">
      <Filter>Crap</Filter>
    </ClCompile>
    <ClCompile Include="src\gameFunctions.cpp">
      <Filter>Source Files\C++ files</Filter>
    </ClCompile>
    <ClCompile Include="src\cppExtension.cpp">
      <Filter>Source Files\C++ files</Filter>
    </ClCompile>
    <ClCompile Include="src\gameClasses.cpp">
      <Filter>Source Files\C++ files</Filter>
    </ClCompile>
  </ItemGroup>
</Project>