<?xml version="1.0" encoding="utf-8"?>
<Project ToolsVersion="4.0" xmlns="http://schemas.microsoft.com/developer/msbuild/2003">
  <ItemGroup>
    <Filter Include="Source Files">
      <UniqueIdentifier>{4FC737F1-C7A5-4376-A066-2A32D752A2FF}</UniqueIdentifier>
      <Extensions>cpp;c;cc;cxx;c++;def;odl;idl;hpj;bat;asm;asmx</Extensions>
    </Filter>
    <Filter Include="Header Files">
      <UniqueIdentifier>{93995380-89BD-4b04-88EB-625FBE52EBFB}</UniqueIdentifier>
      <Extensions>h;hh;hpp;hxx;h++;hm;inl;inc;ipp;xsd</Extensions>
    </Filter>
    <Filter Include="Source Files\Python files">
      <UniqueIdentifier>{3d8270e2-c9d1-4c2f-a2be-8812069fb00a}</UniqueIdentifier>
    </Filter>
    <Filter Include="Source Files\C++ files">
      <UniqueIdentifier>{2b94c8fd-dead-4de9-8ec6-887a73d2c175}</UniqueIdentifier>
    </Filter>
    <Filter Include="Source Files\C++ files\Devtools">
      <UniqueIdentifier>{41c10c94-81a5-4917-a9da-52dff7661620}</UniqueIdentifier>
    </Filter>
    <Filter Include="Source Files\C++ files\Testing...">
      <UniqueIdentifier>{8428eee7-3130-48eb-9035-ca4e588fff6d}</UniqueIdentifier>
    </Filter>
  </ItemGroup>
  <ItemGroup>
    <ClInclude Include="gameClasses.h">
      <Filter>Header Files</Filter>
    </ClInclude>
    <ClInclude Include="gameFunctions.h">
      <Filter>Header Files</Filter>
    </ClInclude>
    <ClInclude Include="constantVars.h">
      <Filter>Header Files</Filter>
    </ClInclude>
    <ClInclude Include="cppExtension.h">
      <Filter>Header Files</Filter>
    </ClInclude>
    <ClInclude Include="gameLanguage.h">
      <Filter>Header Files</Filter>
    </ClInclude>
  </ItemGroup>
  <ItemGroup>
    <None Include="src\scripts\readOptions.py">
      <Filter>Source Files\Python files</Filter>
    </None>
    <None Include="src\scripts\createOptionsFile.py">
      <Filter>Source Files\Python files</Filter>
    </None>
    <None Include="cpp.hint" />
    <None Include="src\scripts\makeDirectories.py">
      <Filter>Source Files\Python files</Filter>
    </None>
  </ItemGroup>
  <ItemGroup>
    <ClCompile Include="src\main.cpp">
      <Filter>Source Files\C++ files</Filter>
    </ClCompile>
    <ClCompile Include="models\Model converter source\Model converter.cpp">
      <Filter>Source Files\C++ files\Devtools</Filter>
    </ClCompile>
    <ClCompile Include="Clicking on 3d objects.cpp">
      <Filter>Source Files\C++ files\Testing...</Filter>
    </ClCompile>
    <ClCompile Include="Collision example.cpp">
      <Filter>Source Files\C++ files\Testing...</Filter>
    </ClCompile>
    <ClCompile Include="Testing area.cpp">
      <Filter>Source Files\C++ files\Testing...</Filter>
    </ClCompile>
  </ItemGroup>
</Project>